// !$*UTF8*$!
{
	archiveVersion = 1;
	classes = {
	};
	objectVersion = 46;
	objects = {

/* Begin PBXBuildFile section */
		AA16F77D15714B6500C3E6F2 /* MessageUI.framework in Frameworks */ = {isa = PBXBuildFile; fileRef = AA16F77C15714B6500C3E6F2 /* MessageUI.framework */; };
		AA47BE971560964B00B76784 /* UIKit.framework in Frameworks */ = {isa = PBXBuildFile; fileRef = AA47BE961560964B00B76784 /* UIKit.framework */; };
		AA47BE991560964B00B76784 /* Foundation.framework in Frameworks */ = {isa = PBXBuildFile; fileRef = AA47BE981560964B00B76784 /* Foundation.framework */; };
		AA47BE9B1560964B00B76784 /* CoreGraphics.framework in Frameworks */ = {isa = PBXBuildFile; fileRef = AA47BE9A1560964B00B76784 /* CoreGraphics.framework */; };
		AA47BEA11560964B00B76784 /* InfoPlist.strings in Resources */ = {isa = PBXBuildFile; fileRef = AA47BE9F1560964B00B76784 /* InfoPlist.strings */; };
		AA47BEA31560964B00B76784 /* main.m in Sources */ = {isa = PBXBuildFile; fileRef = AA47BEA21560964B00B76784 /* main.m */; };
		AA47BEA71560964B00B76784 /* AppDelegate.m in Sources */ = {isa = PBXBuildFile; fileRef = AA47BEA61560964B00B76784 /* AppDelegate.m */; };
		AA47BEAA1560964B00B76784 /* ViewController.m in Sources */ = {isa = PBXBuildFile; fileRef = AA47BEA91560964B00B76784 /* ViewController.m */; };
		AA47BEAD1560964B00B76784 /* ViewController.xib in Resources */ = {isa = PBXBuildFile; fileRef = AA47BEAB1560964B00B76784 /* ViewController.xib */; };
		AA47BEB91560980B00B76784 /* Announcer.m in Sources */ = {isa = PBXBuildFile; fileRef = AA47BEB81560980B00B76784 /* Announcer.m */; };
		AA47BECF1560A12F00B76784 /* 0.wav in Resources */ = {isa = PBXBuildFile; fileRef = AA47BEBB1560A12F00B76784 /* 0.wav */; };
		AA47BED01560A12F00B76784 /* 1.wav in Resources */ = {isa = PBXBuildFile; fileRef = AA47BEBC1560A12F00B76784 /* 1.wav */; };
		AA47BED11560A12F00B76784 /* 10.wav in Resources */ = {isa = PBXBuildFile; fileRef = AA47BEBD1560A12F00B76784 /* 10.wav */; };
		AA47BED21560A12F00B76784 /* 11.wav in Resources */ = {isa = PBXBuildFile; fileRef = AA47BEBE1560A12F00B76784 /* 11.wav */; };
		AA47BED31560A12F00B76784 /* 12.wav in Resources */ = {isa = PBXBuildFile; fileRef = AA47BEBF1560A12F00B76784 /* 12.wav */; };
		AA47BED41560A12F00B76784 /* 13.wav in Resources */ = {isa = PBXBuildFile; fileRef = AA47BEC01560A12F00B76784 /* 13.wav */; };
		AA47BED51560A12F00B76784 /* 14.wav in Resources */ = {isa = PBXBuildFile; fileRef = AA47BEC11560A12F00B76784 /* 14.wav */; };
		AA47BED61560A12F00B76784 /* 15.wav in Resources */ = {isa = PBXBuildFile; fileRef = AA47BEC21560A12F00B76784 /* 15.wav */; };
		AA47BED71560A12F00B76784 /* 16.wav in Resources */ = {isa = PBXBuildFile; fileRef = AA47BEC31560A12F00B76784 /* 16.wav */; };
		AA47BED81560A12F00B76784 /* 17.wav in Resources */ = {isa = PBXBuildFile; fileRef = AA47BEC41560A12F00B76784 /* 17.wav */; };
		AA47BED91560A12F00B76784 /* 18.wav in Resources */ = {isa = PBXBuildFile; fileRef = AA47BEC51560A12F00B76784 /* 18.wav */; };
		AA47BEDA1560A12F00B76784 /* 19.wav in Resources */ = {isa = PBXBuildFile; fileRef = AA47BEC61560A12F00B76784 /* 19.wav */; };
		AA47BEDB1560A12F00B76784 /* 2.wav in Resources */ = {isa = PBXBuildFile; fileRef = AA47BEC71560A12F00B76784 /* 2.wav */; };
		AA47BEDC1560A12F00B76784 /* 3.wav in Resources */ = {isa = PBXBuildFile; fileRef = AA47BEC81560A12F00B76784 /* 3.wav */; };
		AA47BEDD1560A12F00B76784 /* 4.wav in Resources */ = {isa = PBXBuildFile; fileRef = AA47BEC91560A12F00B76784 /* 4.wav */; };
		AA47BEDE1560A12F00B76784 /* 5.wav in Resources */ = {isa = PBXBuildFile; fileRef = AA47BECA1560A12F00B76784 /* 5.wav */; };
		AA47BEDF1560A12F00B76784 /* 6.wav in Resources */ = {isa = PBXBuildFile; fileRef = AA47BECB1560A12F00B76784 /* 6.wav */; };
		AA47BEE01560A12F00B76784 /* 7.wav in Resources */ = {isa = PBXBuildFile; fileRef = AA47BECC1560A12F00B76784 /* 7.wav */; };
		AA47BEE11560A12F00B76784 /* 8.wav in Resources */ = {isa = PBXBuildFile; fileRef = AA47BECD1560A12F00B76784 /* 8.wav */; };
		AA47BEE21560A12F00B76784 /* 9.wav in Resources */ = {isa = PBXBuildFile; fileRef = AA47BECE1560A12F00B76784 /* 9.wav */; };
		AA47BEE91560AD3300B76784 /* AudioToolbox.framework in Frameworks */ = {isa = PBXBuildFile; fileRef = AA47BEE81560AD3300B76784 /* AudioToolbox.framework */; };
		AA47BEEB1560AF1F00B76784 /* GB.wav in Resources */ = {isa = PBXBuildFile; fileRef = AA47BEEA1560AF1F00B76784 /* GB.wav */; };
		AA64E80E168E0C400062D795 /* icon_large.png in Resources */ = {isa = PBXBuildFile; fileRef = AA64E80D168E0C400062D795 /* icon_large.png */; };
		AA64E813168E38E40062D795 /* Default-568h@2x.png in Resources */ = {isa = PBXBuildFile; fileRef = AA64E810168E38E40062D795 /* Default-568h@2x.png */; };
		AA64E814168E38E40062D795 /* Default.png in Resources */ = {isa = PBXBuildFile; fileRef = AA64E811168E38E40062D795 /* Default.png */; };
		AA64E815168E38E40062D795 /* Default@2x.png in Resources */ = {isa = PBXBuildFile; fileRef = AA64E812168E38E40062D795 /* Default@2x.png */; };
		AA9F5231156C797100E6F114 /* icon.png in Resources */ = {isa = PBXBuildFile; fileRef = AA9F5230156C797100E6F114 /* icon.png */; };
		AABAB0A116828A7A00F5CC31 /* ActionViewController.m in Sources */ = {isa = PBXBuildFile; fileRef = AABAB09F16828A7A00F5CC31 /* ActionViewController.m */; };
		AABAB0A216828A7A00F5CC31 /* ActionViewController.xib in Resources */ = {isa = PBXBuildFile; fileRef = AABAB0A016828A7A00F5CC31 /* ActionViewController.xib */; };
/* End PBXBuildFile section */

/* Begin PBXFileReference section */
		AA16F77C15714B6500C3E6F2 /* MessageUI.framework */ = {isa = PBXFileReference; lastKnownFileType = wrapper.framework; name = MessageUI.framework; path = System/Library/Frameworks/MessageUI.framework; sourceTree = SDKROOT; };
		AA47BE921560964B00B76784 /* Footwork.app */ = {isa = PBXFileReference; explicitFileType = wrapper.application; includeInIndex = 0; path = Footwork.app; sourceTree = BUILT_PRODUCTS_DIR; };
		AA47BE961560964B00B76784 /* UIKit.framework */ = {isa = PBXFileReference; lastKnownFileType = wrapper.framework; name = UIKit.framework; path = System/Library/Frameworks/UIKit.framework; sourceTree = SDKROOT; };
		AA47BE981560964B00B76784 /* Foundation.framework */ = {isa = PBXFileReference; lastKnownFileType = wrapper.framework; name = Foundation.framework; path = System/Library/Frameworks/Foundation.framework; sourceTree = SDKROOT; };
		AA47BE9A1560964B00B76784 /* CoreGraphics.framework */ = {isa = PBXFileReference; lastKnownFileType = wrapper.framework; name = CoreGraphics.framework; path = System/Library/Frameworks/CoreGraphics.framework; sourceTree = SDKROOT; };
		AA47BE9E1560964B00B76784 /* Footwork-Info.plist */ = {isa = PBXFileReference; lastKnownFileType = text.plist.xml; path = "Footwork-Info.plist"; sourceTree = "<group>"; };
		AA47BEA01560964B00B76784 /* en */ = {isa = PBXFileReference; lastKnownFileType = text.plist.strings; name = en; path = en.lproj/InfoPlist.strings; sourceTree = "<group>"; };
		AA47BEA21560964B00B76784 /* main.m */ = {isa = PBXFileReference; lastKnownFileType = sourcecode.c.objc; path = main.m; sourceTree = "<group>"; };
		AA47BEA41560964B00B76784 /* Footwork-Prefix.pch */ = {isa = PBXFileReference; lastKnownFileType = sourcecode.c.h; path = "Footwork-Prefix.pch"; sourceTree = "<group>"; };
		AA47BEA51560964B00B76784 /* AppDelegate.h */ = {isa = PBXFileReference; lastKnownFileType = sourcecode.c.h; path = AppDelegate.h; sourceTree = "<group>"; };
		AA47BEA61560964B00B76784 /* AppDelegate.m */ = {isa = PBXFileReference; lastKnownFileType = sourcecode.c.objc; path = AppDelegate.m; sourceTree = "<group>"; };
		AA47BEA81560964B00B76784 /* ViewController.h */ = {isa = PBXFileReference; lastKnownFileType = sourcecode.c.h; path = ViewController.h; sourceTree = "<group>"; };
		AA47BEA91560964B00B76784 /* ViewController.m */ = {isa = PBXFileReference; lastKnownFileType = sourcecode.c.objc; path = ViewController.m; sourceTree = "<group>"; };
		AA47BEAC1560964B00B76784 /* en */ = {isa = PBXFileReference; lastKnownFileType = file.xib; name = en; path = en.lproj/ViewController.xib; sourceTree = "<group>"; };
		AA47BEB71560980B00B76784 /* Announcer.h */ = {isa = PBXFileReference; fileEncoding = 4; lastKnownFileType = sourcecode.c.h; path = Announcer.h; sourceTree = "<group>"; };
		AA47BEB81560980B00B76784 /* Announcer.m */ = {isa = PBXFileReference; fileEncoding = 4; lastKnownFileType = sourcecode.c.objc; path = Announcer.m; sourceTree = "<group>"; };
		AA47BEBB1560A12F00B76784 /* 0.wav */ = {isa = PBXFileReference; lastKnownFileType = audio.wav; path = 0.wav; sourceTree = "<group>"; };
		AA47BEBC1560A12F00B76784 /* 1.wav */ = {isa = PBXFileReference; lastKnownFileType = audio.wav; path = 1.wav; sourceTree = "<group>"; };
		AA47BEBD1560A12F00B76784 /* 10.wav */ = {isa = PBXFileReference; lastKnownFileType = audio.wav; path = 10.wav; sourceTree = "<group>"; };
		AA47BEBE1560A12F00B76784 /* 11.wav */ = {isa = PBXFileReference; lastKnownFileType = audio.wav; path = 11.wav; sourceTree = "<group>"; };
		AA47BEBF1560A12F00B76784 /* 12.wav */ = {isa = PBXFileReference; lastKnownFileType = audio.wav; path = 12.wav; sourceTree = "<group>"; };
		AA47BEC01560A12F00B76784 /* 13.wav */ = {isa = PBXFileReference; lastKnownFileType = audio.wav; path = 13.wav; sourceTree = "<group>"; };
		AA47BEC11560A12F00B76784 /* 14.wav */ = {isa = PBXFileReference; lastKnownFileType = audio.wav; path = 14.wav; sourceTree = "<group>"; };
		AA47BEC21560A12F00B76784 /* 15.wav */ = {isa = PBXFileReference; lastKnownFileType = audio.wav; path = 15.wav; sourceTree = "<group>"; };
		AA47BEC31560A12F00B76784 /* 16.wav */ = {isa = PBXFileReference; lastKnownFileType = audio.wav; path = 16.wav; sourceTree = "<group>"; };
		AA47BEC41560A12F00B76784 /* 17.wav */ = {isa = PBXFileReference; lastKnownFileType = audio.wav; path = 17.wav; sourceTree = "<group>"; };
		AA47BEC51560A12F00B76784 /* 18.wav */ = {isa = PBXFileReference; lastKnownFileType = audio.wav; path = 18.wav; sourceTree = "<group>"; };
		AA47BEC61560A12F00B76784 /* 19.wav */ = {isa = PBXFileReference; lastKnownFileType = audio.wav; path = 19.wav; sourceTree = "<group>"; };
		AA47BEC71560A12F00B76784 /* 2.wav */ = {isa = PBXFileReference; lastKnownFileType = audio.wav; path = 2.wav; sourceTree = "<group>"; };
		AA47BEC81560A12F00B76784 /* 3.wav */ = {isa = PBXFileReference; lastKnownFileType = audio.wav; path = 3.wav; sourceTree = "<group>"; };
		AA47BEC91560A12F00B76784 /* 4.wav */ = {isa = PBXFileReference; lastKnownFileType = audio.wav; path = 4.wav; sourceTree = "<group>"; };
		AA47BECA1560A12F00B76784 /* 5.wav */ = {isa = PBXFileReference; lastKnownFileType = audio.wav; path = 5.wav; sourceTree = "<group>"; };
		AA47BECB1560A12F00B76784 /* 6.wav */ = {isa = PBXFileReference; lastKnownFileType = audio.wav; path = 6.wav; sourceTree = "<group>"; };
		AA47BECC1560A12F00B76784 /* 7.wav */ = {isa = PBXFileReference; lastKnownFileType = audio.wav; path = 7.wav; sourceTree = "<group>"; };
		AA47BECD1560A12F00B76784 /* 8.wav */ = {isa = PBXFileReference; lastKnownFileType = audio.wav; path = 8.wav; sourceTree = "<group>"; };
		AA47BECE1560A12F00B76784 /* 9.wav */ = {isa = PBXFileReference; lastKnownFileType = audio.wav; path = 9.wav; sourceTree = "<group>"; };
		AA47BEE81560AD3300B76784 /* AudioToolbox.framework */ = {isa = PBXFileReference; lastKnownFileType = wrapper.framework; name = AudioToolbox.framework; path = System/Library/Frameworks/AudioToolbox.framework; sourceTree = SDKROOT; };
		AA47BEEA1560AF1F00B76784 /* GB.wav */ = {isa = PBXFileReference; lastKnownFileType = audio.wav; path = GB.wav; sourceTree = "<group>"; };
		AA64E80D168E0C400062D795 /* icon_large.png */ = {isa = PBXFileReference; lastKnownFileType = image.png; name = icon_large.png; path = artwork/icon_large.png; sourceTree = "<group>"; };
		AA64E810168E38E40062D795 /* Default-568h@2x.png */ = {isa = PBXFileReference; lastKnownFileType = image.png; name = "Default-568h@2x.png"; path = "artwork/Default-568h@2x.png"; sourceTree = "<group>"; };
		AA64E811168E38E40062D795 /* Default.png */ = {isa = PBXFileReference; lastKnownFileType = image.png; name = Default.png; path = artwork/Default.png; sourceTree = "<group>"; };
		AA64E812168E38E40062D795 /* Default@2x.png */ = {isa = PBXFileReference; lastKnownFileType = image.png; name = "Default@2x.png"; path = "artwork/Default@2x.png"; sourceTree = "<group>"; };
		AA9F5230156C797100E6F114 /* icon.png */ = {isa = PBXFileReference; lastKnownFileType = image.png; name = icon.png; path = ../icon.png; sourceTree = "<group>"; };
		AABAB09E16828A7A00F5CC31 /* ActionViewController.h */ = {isa = PBXFileReference; fileEncoding = 4; lastKnownFileType = sourcecode.c.h; path = ActionViewController.h; sourceTree = "<group>"; };
		AABAB09F16828A7A00F5CC31 /* ActionViewController.m */ = {isa = PBXFileReference; fileEncoding = 4; lastKnownFileType = sourcecode.c.objc; path = ActionViewController.m; sourceTree = "<group>"; };
		AABAB0A016828A7A00F5CC31 /* ActionViewController.xib */ = {isa = PBXFileReference; fileEncoding = 4; lastKnownFileType = file.xib; path = ActionViewController.xib; sourceTree = "<group>"; };
/* End PBXFileReference section */

/* Begin PBXFrameworksBuildPhase section */
		AA47BE8F1560964B00B76784 /* Frameworks */ = {
			isa = PBXFrameworksBuildPhase;
			buildActionMask = 2147483647;
			files = (
				AA16F77D15714B6500C3E6F2 /* MessageUI.framework in Frameworks */,
				AA47BEE91560AD3300B76784 /* AudioToolbox.framework in Frameworks */,
				AA47BE971560964B00B76784 /* UIKit.framework in Frameworks */,
				AA47BE991560964B00B76784 /* Foundation.framework in Frameworks */,
				AA47BE9B1560964B00B76784 /* CoreGraphics.framework in Frameworks */,
			);
			runOnlyForDeploymentPostprocessing = 0;
		};
/* End PBXFrameworksBuildPhase section */

/* Begin PBXGroup section */
		AA47BE871560964B00B76784 = {
			isa = PBXGroup;
			children = (
				AA16F77C15714B6500C3E6F2 /* MessageUI.framework */,
				AA47BEE81560AD3300B76784 /* AudioToolbox.framework */,
				AA47BE9C1560964B00B76784 /* Footwork */,
				AA47BE951560964B00B76784 /* Frameworks */,
				AA47BE931560964B00B76784 /* Products */,
			);
			sourceTree = "<group>";
		};
		AA47BE931560964B00B76784 /* Products */ = {
			isa = PBXGroup;
			children = (
				AA47BE921560964B00B76784 /* Footwork.app */,
			);
			name = Products;
			sourceTree = "<group>";
		};
		AA47BE951560964B00B76784 /* Frameworks */ = {
			isa = PBXGroup;
			children = (
				AA47BE961560964B00B76784 /* UIKit.framework */,
				AA47BE981560964B00B76784 /* Foundation.framework */,
				AA47BE9A1560964B00B76784 /* CoreGraphics.framework */,
			);
			name = Frameworks;
			sourceTree = "<group>";
		};
		AA47BE9C1560964B00B76784 /* Footwork */ = {
			isa = PBXGroup;
			children = (
				AA64E80F168E38C40062D795 /* images */,
				AA47BEBA1560A12F00B76784 /* digits */,
				AA47BEA51560964B00B76784 /* AppDelegate.h */,
				AA47BEA61560964B00B76784 /* AppDelegate.m */,
				AA47BEA81560964B00B76784 /* ViewController.h */,
				AA47BEA91560964B00B76784 /* ViewController.m */,
				AA47BEAB1560964B00B76784 /* ViewController.xib */,
				AA47BE9D1560964B00B76784 /* Supporting Files */,
				AA47BEB71560980B00B76784 /* Announcer.h */,
				AA47BEB81560980B00B76784 /* Announcer.m */,
				AABAB09E16828A7A00F5CC31 /* ActionViewController.h */,
				AABAB09F16828A7A00F5CC31 /* ActionViewController.m */,
				AABAB0A016828A7A00F5CC31 /* ActionViewController.xib */,
			);
			path = Footwork;
			sourceTree = "<group>";
		};
		AA47BE9D1560964B00B76784 /* Supporting Files */ = {
			isa = PBXGroup;
			children = (
				AA47BE9E1560964B00B76784 /* Footwork-Info.plist */,
				AA47BE9F1560964B00B76784 /* InfoPlist.strings */,
				AA47BEA21560964B00B76784 /* main.m */,
				AA47BEA41560964B00B76784 /* Footwork-Prefix.pch */,
			);
			name = "Supporting Files";
			sourceTree = "<group>";
		};
		AA47BEBA1560A12F00B76784 /* digits */ = {
			isa = PBXGroup;
			children = (
				AA47BEEA1560AF1F00B76784 /* GB.wav */,
				AA47BEBB1560A12F00B76784 /* 0.wav */,
				AA47BEBC1560A12F00B76784 /* 1.wav */,
				AA47BEBD1560A12F00B76784 /* 10.wav */,
				AA47BEBE1560A12F00B76784 /* 11.wav */,
				AA47BEBF1560A12F00B76784 /* 12.wav */,
				AA47BEC01560A12F00B76784 /* 13.wav */,
				AA47BEC11560A12F00B76784 /* 14.wav */,
				AA47BEC21560A12F00B76784 /* 15.wav */,
				AA47BEC31560A12F00B76784 /* 16.wav */,
				AA47BEC41560A12F00B76784 /* 17.wav */,
				AA47BEC51560A12F00B76784 /* 18.wav */,
				AA47BEC61560A12F00B76784 /* 19.wav */,
				AA47BEC71560A12F00B76784 /* 2.wav */,
				AA47BEC81560A12F00B76784 /* 3.wav */,
				AA47BEC91560A12F00B76784 /* 4.wav */,
				AA47BECA1560A12F00B76784 /* 5.wav */,
				AA47BECB1560A12F00B76784 /* 6.wav */,
				AA47BECC1560A12F00B76784 /* 7.wav */,
				AA47BECD1560A12F00B76784 /* 8.wav */,
				AA47BECE1560A12F00B76784 /* 9.wav */,
			);
			path = digits;
			sourceTree = "<group>";
		};
		AA64E80F168E38C40062D795 /* images */ = {
			isa = PBXGroup;
			children = (
				AA64E810168E38E40062D795 /* Default-568h@2x.png */,
				AA64E811168E38E40062D795 /* Default.png */,
				AA64E812168E38E40062D795 /* Default@2x.png */,
				AA9F5230156C797100E6F114 /* icon.png */,
				AA64E80D168E0C400062D795 /* icon_large.png */,
			);
			name = images;
			sourceTree = "<group>";
		};
/* End PBXGroup section */

/* Begin PBXNativeTarget section */
		AA47BE911560964B00B76784 /* Footwork */ = {
			isa = PBXNativeTarget;
			buildConfigurationList = AA47BEB01560964B00B76784 /* Build configuration list for PBXNativeTarget "Footwork" */;
			buildPhases = (
				AA47BE8E1560964B00B76784 /* Sources */,
				AA47BE8F1560964B00B76784 /* Frameworks */,
				AA47BE901560964B00B76784 /* Resources */,
			);
			buildRules = (
			);
			dependencies = (
			);
			name = Footwork;
			productName = Footwork;
			productReference = AA47BE921560964B00B76784 /* Footwork.app */;
			productType = "com.apple.product-type.application";
		};
/* End PBXNativeTarget section */

/* Begin PBXProject section */
		AA47BE891560964B00B76784 /* Project object */ = {
			isa = PBXProject;
			attributes = {
				LastUpgradeCheck = 0430;
				ORGANIZATIONNAME = "Steve Tarzia";
			};
			buildConfigurationList = AA47BE8C1560964B00B76784 /* Build configuration list for PBXProject "Footwork" */;
			compatibilityVersion = "Xcode 3.2";
			developmentRegion = English;
			hasScannedForEncodings = 0;
			knownRegions = (
				en,
			);
			mainGroup = AA47BE871560964B00B76784;
			productRefGroup = AA47BE931560964B00B76784 /* Products */;
			projectDirPath = "";
			projectRoot = "";
			targets = (
				AA47BE911560964B00B76784 /* Footwork */,
			);
		};
/* End PBXProject section */

/* Begin PBXResourcesBuildPhase section */
		AA47BE901560964B00B76784 /* Resources */ = {
			isa = PBXResourcesBuildPhase;
			buildActionMask = 2147483647;
			files = (
				AA47BEA11560964B00B76784 /* InfoPlist.strings in Resources */,
				AA47BEAD1560964B00B76784 /* ViewController.xib in Resources */,
				AA47BECF1560A12F00B76784 /* 0.wav in Resources */,
				AA47BED01560A12F00B76784 /* 1.wav in Resources */,
				AA47BED11560A12F00B76784 /* 10.wav in Resources */,
				AA47BED21560A12F00B76784 /* 11.wav in Resources */,
				AA47BED31560A12F00B76784 /* 12.wav in Resources */,
				AA47BED41560A12F00B76784 /* 13.wav in Resources */,
				AA47BED51560A12F00B76784 /* 14.wav in Resources */,
				AA47BED61560A12F00B76784 /* 15.wav in Resources */,
				AA47BED71560A12F00B76784 /* 16.wav in Resources */,
				AA47BED81560A12F00B76784 /* 17.wav in Resources */,
				AA47BED91560A12F00B76784 /* 18.wav in Resources */,
				AA47BEDA1560A12F00B76784 /* 19.wav in Resources */,
				AA47BEDB1560A12F00B76784 /* 2.wav in Resources */,
				AA47BEDC1560A12F00B76784 /* 3.wav in Resources */,
				AA47BEDD1560A12F00B76784 /* 4.wav in Resources */,
				AA47BEDE1560A12F00B76784 /* 5.wav in Resources */,
				AA47BEDF1560A12F00B76784 /* 6.wav in Resources */,
				AA47BEE01560A12F00B76784 /* 7.wav in Resources */,
				AA47BEE11560A12F00B76784 /* 8.wav in Resources */,
				AA47BEE21560A12F00B76784 /* 9.wav in Resources */,
				AA47BEEB1560AF1F00B76784 /* GB.wav in Resources */,
				AA9F5231156C797100E6F114 /* icon.png in Resources */,
				AABAB0A216828A7A00F5CC31 /* ActionViewController.xib in Resources */,
				AA64E80E168E0C400062D795 /* icon_large.png in Resources */,
				AA64E813168E38E40062D795 /* Default-568h@2x.png in Resources */,
				AA64E814168E38E40062D795 /* Default.png in Resources */,
				AA64E815168E38E40062D795 /* Default@2x.png in Resources */,
			);
			runOnlyForDeploymentPostprocessing = 0;
		};
/* End PBXResourcesBuildPhase section */

/* Begin PBXSourcesBuildPhase section */
		AA47BE8E1560964B00B76784 /* Sources */ = {
			isa = PBXSourcesBuildPhase;
			buildActionMask = 2147483647;
			files = (
				AA47BEA31560964B00B76784 /* main.m in Sources */,
				AA47BEA71560964B00B76784 /* AppDelegate.m in Sources */,
				AA47BEAA1560964B00B76784 /* ViewController.m in Sources */,
				AA47BEB91560980B00B76784 /* Announcer.m in Sources */,
				AABAB0A116828A7A00F5CC31 /* ActionViewController.m in Sources */,
			);
			runOnlyForDeploymentPostprocessing = 0;
		};
/* End PBXSourcesBuildPhase section */

/* Begin PBXVariantGroup section */
		AA47BE9F1560964B00B76784 /* InfoPlist.strings */ = {
			isa = PBXVariantGroup;
			children = (
				AA47BEA01560964B00B76784 /* en */,
			);
			name = InfoPlist.strings;
			sourceTree = "<group>";
		};
		AA47BEAB1560964B00B76784 /* ViewController.xib */ = {
			isa = PBXVariantGroup;
			children = (
				AA47BEAC1560964B00B76784 /* en */,
			);
			name = ViewController.xib;
			sourceTree = "<group>";
		};
/* End PBXVariantGroup section */

/* Begin XCBuildConfiguration section */
		AA47BEAE1560964B00B76784 /* Debug */ = {
			isa = XCBuildConfiguration;
			buildSettings = {
				ALWAYS_SEARCH_USER_PATHS = NO;
				ARCHS = "$(ARCHS_STANDARD_32_BIT)";
				CLANG_ENABLE_OBJC_ARC = YES;
				"CODE_SIGN_IDENTITY[sdk=iphoneos*]" = "iPhone Developer";
				COPY_PHASE_STRIP = NO;
				GCC_C_LANGUAGE_STANDARD = gnu99;
				GCC_DYNAMIC_NO_PIC = NO;
				GCC_OPTIMIZATION_LEVEL = 0;
				GCC_PREPROCESSOR_DEFINITIONS = (
					"DEBUG=1",
					"$(inherited)",
				);
				GCC_SYMBOLS_PRIVATE_EXTERN = NO;
				GCC_VERSION = com.apple.compilers.llvm.clang.1_0;
				GCC_WARN_ABOUT_RETURN_TYPE = YES;
				GCC_WARN_UNINITIALIZED_AUTOS = YES;
				GCC_WARN_UNUSED_VARIABLE = YES;
				IPHONEOS_DEPLOYMENT_TARGET = 5.1;
				SDKROOT = iphoneos;
			};
			name = Debug;
		};
		AA47BEAF1560964B00B76784 /* Release */ = {
			isa = XCBuildConfiguration;
			buildSettings = {
				ALWAYS_SEARCH_USER_PATHS = NO;
				ARCHS = "$(ARCHS_STANDARD_32_BIT)";
				CLANG_ENABLE_OBJC_ARC = YES;
				CODE_SIGN_IDENTITY = "iPhone Distribution: Stephen Tarzia";
				"CODE_SIGN_IDENTITY[sdk=iphoneos*]" = "iPhone Developer";
				COPY_PHASE_STRIP = YES;
				GCC_C_LANGUAGE_STANDARD = gnu99;
				GCC_VERSION = com.apple.compilers.llvm.clang.1_0;
				GCC_WARN_ABOUT_RETURN_TYPE = YES;
				GCC_WARN_UNINITIALIZED_AUTOS = YES;
				GCC_WARN_UNUSED_VARIABLE = YES;
				IPHONEOS_DEPLOYMENT_TARGET = 5.1;
				OTHER_CFLAGS = "-DNS_BLOCK_ASSERTIONS=1";
				PROVISIONING_PROFILE = "68AB3407-B24D-495E-B54B-25875D3772FF";
				SDKROOT = iphoneos;
				VALIDATE_PRODUCT = YES;
			};
			name = Release;
		};
		AA47BEB11560964B00B76784 /* Debug */ = {
			isa = XCBuildConfiguration;
			buildSettings = {
				GCC_PRECOMPILE_PREFIX_HEADER = YES;
				GCC_PREFIX_HEADER = "Footwork/Footwork-Prefix.pch";
				INFOPLIST_FILE = "Footwork/Footwork-Info.plist";
				IPHONEOS_DEPLOYMENT_TARGET = 4.3;
				PRODUCT_NAME = "$(TARGET_NAME)";
				TARGETED_DEVICE_FAMILY = "1,2";
				WRAPPER_EXTENSION = app;
			};
			name = Debug;
		};
		AA47BEB21560964B00B76784 /* Release */ = {
			isa = XCBuildConfiguration;
			buildSettings = {
				GCC_PRECOMPILE_PREFIX_HEADER = YES;
				GCC_PREFIX_HEADER = "Footwork/Footwork-Prefix.pch";
				INFOPLIST_FILE = "Footwork/Footwork-Info.plist";
				IPHONEOS_DEPLOYMENT_TARGET = 4.3;
				PRODUCT_NAME = "$(TARGET_NAME)";
				TARGETED_DEVICE_FAMILY = "1,2";
				WRAPPER_EXTENSION = app;
			};
			name = Release;
		};
/* End XCBuildConfiguration section */

/* Begin XCConfigurationList section */
		AA47BE8C1560964B00B76784 /* Build configuration list for PBXProject "Footwork" */ = {
			isa = XCConfigurationList;
			buildConfigurations = (
				AA47BEAE1560964B00B76784 /* Debug */,
				AA47BEAF1560964B00B76784 /* Release */,
			);
			defaultConfigurationIsVisible = 0;
			defaultConfigurationName = Release;
		};
		AA47BEB01560964B00B76784 /* Build configuration list for PBXNativeTarget "Footwork" */ = {
			isa = XCConfigurationList;
			buildConfigurations = (
				AA47BEB11560964B00B76784 /* Debug */,
				AA47BEB21560964B00B76784 /* Release */,
			);
			defaultConfigurationIsVisible = 0;
			defaultConfigurationName = Release;
		};
/* End XCConfigurationList section */
	};
	rootObject = AA47BE891560964B00B76784 /* Project object */;
}
